
Microsoft Visual Studio Solution File, Format Version 12.00
# Visual Studio Version 17
VisualStudioVersion = 17.3.32929.385
MinimumVisualStudioVersion = 10.0.40219.1
Project("{FAE04EC0-301F-11D3-BF4B-00C04F79EFBC}") = "RockPaperScissors", "RockPaperScissors\RockPaperScissors.csproj", "{BA3AD0C1-FB3A-44C5-8D06-34CBDBD15617}"
EndProject
Global
	GlobalSection(SolutionConfigurationPlatforms) = preSolution
		Debug|Any CPU = Debug|Any CPU
		Release|Any CPU = Release|Any CPU
	EndGlobalSection
	GlobalSection(ProjectConfigurationPlatforms) = postSolution
		{BA3AD0C1-FB3A-44C5-8D06-34CBDBD15617}.Debug|Any CPU.ActiveCfg = Debug|Any CPU
		{BA3AD0C1-FB3A-44C5-8D06-34CBDBD15617}.Debug|Any CPU.Build.0 = Debug|Any CPU
		{BA3AD0C1-FB3A-44C5-8D06-34CBDBD15617}.Release|Any CPU.ActiveCfg = Release|Any CPU
		{BA3AD0C1-FB3A-44C5-8D06-34CBDBD15617}.Release|Any CPU.Build.0 = Release|Any CPU
	EndGlobalSection
	GlobalSection(SolutionProperties) = preSolution
		HideSolutionNode = FALSE
	EndGlobalSection
	GlobalSection(ExtensibilityGlobals) = postSolution
		SolutionGuid = {0D061D46-9905-41ED-923C-81BC4C21B1F0}
	EndGlobalSection
EndGlobal
